// !$*UTF8*$!
{
	archiveVersion = 1;
	classes = {
	};
	objectVersion = 46;
	objects = {

/* Begin PBXBuildFile section */
		39B113F74643B4D6D964DE11 /* libPods.a in Frameworks */ = {isa = PBXBuildFile; fileRef = 33BE8497E3D82B17D9C107F7 /* libPods.a */; };
		6201BAB21D054E3A00EEB665 /* libcrypto.a in Frameworks */ = {isa = PBXBuildFile; fileRef = 6201BAB01D054E3A00EEB665 /* libcrypto.a */; };
		6201BAB31D054E3A00EEB665 /* libssl.a in Frameworks */ = {isa = PBXBuildFile; fileRef = 6201BAB11D054E3A00EEB665 /* libssl.a */; };
		6201BAB61D0555B900EEB665 /* Product.m in Sources */ = {isa = PBXBuildFile; fileRef = 6201BAB51D0555B900EEB665 /* Product.m */; };
		6231B2321D0530BD00C4AEFF /* base64.m in Sources */ = {isa = PBXBuildFile; fileRef = 6231B2221D0530BD00C4AEFF /* base64.m */; };
		6231B2331D0530BD00C4AEFF /* DataSigner.m in Sources */ = {isa = PBXBuildFile; fileRef = 6231B2251D0530BD00C4AEFF /* DataSigner.m */; };
		6231B2341D0530BD00C4AEFF /* DataVerifier.m in Sources */ = {isa = PBXBuildFile; fileRef = 6231B2271D0530BD00C4AEFF /* DataVerifier.m */; };
		6231B2351D0530BD00C4AEFF /* MD5DataSigner.m in Sources */ = {isa = PBXBuildFile; fileRef = 6231B2291D0530BD00C4AEFF /* MD5DataSigner.m */; };
		6231B2361D0530BD00C4AEFF /* NSDataEx.m in Sources */ = {isa = PBXBuildFile; fileRef = 6231B22B1D0530BD00C4AEFF /* NSDataEx.m */; };
		6231B2371D0530BD00C4AEFF /* openssl_wrapper.m in Sources */ = {isa = PBXBuildFile; fileRef = 6231B22D1D0530BD00C4AEFF /* openssl_wrapper.m */; };
		6231B2381D0530BD00C4AEFF /* RSADataSigner.m in Sources */ = {isa = PBXBuildFile; fileRef = 6231B22F1D0530BD00C4AEFF /* RSADataSigner.m */; };
		6231B2391D0530BD00C4AEFF /* RSADataVerifier.m in Sources */ = {isa = PBXBuildFile; fileRef = 6231B2311D0530BD00C4AEFF /* RSADataVerifier.m */; };
		6238C5E61D0D3F0E00269025 /* backItemImage@2x.png in Resources */ = {isa = PBXBuildFile; fileRef = 6238C5DB1D0D3F0E00269025 /* backItemImage@2x.png */; };
		6238C5E71D0D3F0E00269025 /* backItemImage_hl@2x.png in Resources */ = {isa = PBXBuildFile; fileRef = 6238C5DC1D0D3F0E00269025 /* backItemImage_hl@2x.png */; };
		6238C5E81D0D3F0E00269025 /* NJKWebViewProgress.m in Sources */ = {isa = PBXBuildFile; fileRef = 6238C5DF1D0D3F0E00269025 /* NJKWebViewProgress.m */; };
		6238C5E91D0D3F0E00269025 /* NJKWebViewProgressView.m in Sources */ = {isa = PBXBuildFile; fileRef = 6238C5E11D0D3F0E00269025 /* NJKWebViewProgressView.m */; };
		6238C5EA1D0D3F0E00269025 /* RxWebViewController.m in Sources */ = {isa = PBXBuildFile; fileRef = 6238C5E31D0D3F0E00269025 /* RxWebViewController.m */; };
		6238C5EB1D0D3F0E00269025 /* RxWebViewNavigationViewController.m in Sources */ = {isa = PBXBuildFile; fileRef = 6238C5E51D0D3F0E00269025 /* RxWebViewNavigationViewController.m */; };
		624D32381D0725F500BD2F42 /* spec.png in Resources */ = {isa = PBXBuildFile; fileRef = 624D32371D0725F500BD2F42 /* spec.png */; };
		625524921CF302360069FF89 /* ShareSDK.framework in Frameworks */ = {isa = PBXBuildFile; fileRef = 625524701CF302360069FF89 /* ShareSDK.framework */; };
		625524931CF302360069FF89 /* ShareSDKExtension.framework in Frameworks */ = {isa = PBXBuildFile; fileRef = 625524731CF302360069FF89 /* ShareSDKExtension.framework */; };
		625524941CF302360069FF89 /* ShareSDKUI.bundle in Resources */ = {isa = PBXBuildFile; fileRef = 625524741CF302360069FF89 /* ShareSDKUI.bundle */; };
		625524951CF302360069FF89 /* ShareSDKUI.framework in Frameworks */ = {isa = PBXBuildFile; fileRef = 625524751CF302360069FF89 /* ShareSDKUI.framework */; };
		625524961CF302360069FF89 /* TencentOpenAPI.framework in Frameworks */ = {isa = PBXBuildFile; fileRef = 625524781CF302360069FF89 /* TencentOpenAPI.framework */; };
		625524971CF302360069FF89 /* TencentOpenApi_IOS_Bundle.bundle in Resources */ = {isa = PBXBuildFile; fileRef = 625524791CF302360069FF89 /* TencentOpenApi_IOS_Bundle.bundle */; };
		625524981CF302360069FF89 /* libWeiboSDK.a in Frameworks */ = {isa = PBXBuildFile; fileRef = 6255247B1CF302360069FF89 /* libWeiboSDK.a */; };
		625524991CF302360069FF89 /* WeiboSDK.bundle in Resources */ = {isa = PBXBuildFile; fileRef = 625524851CF302360069FF89 /* WeiboSDK.bundle */; };
		6255249A1CF302360069FF89 /* libWeChatSDK.a in Frameworks */ = {isa = PBXBuildFile; fileRef = 625524891CF302360069FF89 /* libWeChatSDK.a */; };
		6255249B1CF302360069FF89 /* README.txt in Resources */ = {isa = PBXBuildFile; fileRef = 6255248A1CF302360069FF89 /* README.txt */; };
		6255249C1CF302360069FF89 /* MOBFoundation.framework in Frameworks */ = {isa = PBXBuildFile; fileRef = 6255248F1CF302360069FF89 /* MOBFoundation.framework */; };
		6255249D1CF302360069FF89 /* ShareSDK.bundle in Resources */ = {isa = PBXBuildFile; fileRef = 625524901CF302360069FF89 /* ShareSDK.bundle */; };
		6255249E1CF302360069FF89 /* ShareSDKConnector.framework in Frameworks */ = {isa = PBXBuildFile; fileRef = 625524911CF302360069FF89 /* ShareSDKConnector.framework */; };
		625524A01CF302C20069FF89 /* libicucore.tbd in Frameworks */ = {isa = PBXBuildFile; fileRef = 6255249F1CF302C20069FF89 /* libicucore.tbd */; };
		625524A21CF302CD0069FF89 /* libz.tbd in Frameworks */ = {isa = PBXBuildFile; fileRef = 625524A11CF302CD0069FF89 /* libz.tbd */; };
		625524A41CF302D90069FF89 /* libstdc++.tbd in Frameworks */ = {isa = PBXBuildFile; fileRef = 625524A31CF302D90069FF89 /* libstdc++.tbd */; };
		625524A61CF302E60069FF89 /* ImageIO.framework in Frameworks */ = {isa = PBXBuildFile; fileRef = 625524A51CF302E60069FF89 /* ImageIO.framework */; };
		625524A81CF302F00069FF89 /* libsqlite3.tbd in Frameworks */ = {isa = PBXBuildFile; fileRef = 625524A71CF302F00069FF89 /* libsqlite3.tbd */; };
		625524AA1CF302F60069FF89 /* AdSupport.framework in Frameworks */ = {isa = PBXBuildFile; fileRef = 625524A91CF302F60069FF89 /* AdSupport.framework */; };
		626804D61C76C79C00DAD9DE /* JSNativeMethod.m in Sources */ = {isa = PBXBuildFile; fileRef = 626804D51C76C79C00DAD9DE /* JSNativeMethod.m */; };
		626804DA1C7710A700DAD9DE /* IOSTest.html in Resources */ = {isa = PBXBuildFile; fileRef = 626804D91C7710A700DAD9DE /* IOSTest.html */; };
		62B7E6BC1D05164300D3F744 /* AlipaySDK.bundle in Resources */ = {isa = PBXBuildFile; fileRef = 62B7E6BA1D05164300D3F744 /* AlipaySDK.bundle */; };
		62B7E6BD1D05164300D3F744 /* AlipaySDK.framework in Frameworks */ = {isa = PBXBuildFile; fileRef = 62B7E6BB1D05164300D3F744 /* AlipaySDK.framework */; };
		62B7E6BF1D05166F00D3F744 /* libc++.tbd in Frameworks */ = {isa = PBXBuildFile; fileRef = 62B7E6BE1D05166F00D3F744 /* libc++.tbd */; };
		62B7E6C11D05167C00D3F744 /* SystemConfiguration.framework in Frameworks */ = {isa = PBXBuildFile; fileRef = 62B7E6C01D05167C00D3F744 /* SystemConfiguration.framework */; };
		62B7E6C31D05168B00D3F744 /* CoreTelephony.framework in Frameworks */ = {isa = PBXBuildFile; fileRef = 62B7E6C21D05168B00D3F744 /* CoreTelephony.framework */; };
		62B7E6C51D05169100D3F744 /* QuartzCore.framework in Frameworks */ = {isa = PBXBuildFile; fileRef = 62B7E6C41D05169100D3F744 /* QuartzCore.framework */; };
		62B7E6C71D05169700D3F744 /* CoreText.framework in Frameworks */ = {isa = PBXBuildFile; fileRef = 62B7E6C61D05169700D3F744 /* CoreText.framework */; };
		62B7E6C91D05169E00D3F744 /* CoreGraphics.framework in Frameworks */ = {isa = PBXBuildFile; fileRef = 62B7E6C81D05169E00D3F744 /* CoreGraphics.framework */; };
		62B7E6CB1D0516A300D3F744 /* UIKit.framework in Frameworks */ = {isa = PBXBuildFile; fileRef = 62B7E6CA1D0516A300D3F744 /* UIKit.framework */; };
		62B7E6CD1D0516AE00D3F744 /* Foundation.framework in Frameworks */ = {isa = PBXBuildFile; fileRef = 62B7E6CC1D0516AE00D3F744 /* Foundation.framework */; };
		62B7E6CF1D0516B500D3F744 /* CFNetwork.framework in Frameworks */ = {isa = PBXBuildFile; fileRef = 62B7E6CE1D0516B500D3F744 /* CFNetwork.framework */; };
		62B7E6D11D0516BA00D3F744 /* CoreMotion.framework in Frameworks */ = {isa = PBXBuildFile; fileRef = 62B7E6D01D0516BA00D3F744 /* CoreMotion.framework */; };
		62B7E6D41D0518F400D3F744 /* Order.m in Sources */ = {isa = PBXBuildFile; fileRef = 62B7E6D31D0518F400D3F744 /* Order.m */; };
		62E819DF1CEF1143001547F4 /* GpsManager.m in Sources */ = {isa = PBXBuildFile; fileRef = 62E819DE1CEF1143001547F4 /* GpsManager.m */; };
		62E819EC1CF14CD5001547F4 /* QRCameraSwitchButton.m in Sources */ = {isa = PBXBuildFile; fileRef = 62E819E21CF14CD5001547F4 /* QRCameraSwitchButton.m */; };
		62E819ED1CF14CD5001547F4 /* QRCodeReader.m in Sources */ = {isa = PBXBuildFile; fileRef = 62E819E41CF14CD5001547F4 /* QRCodeReader.m */; };
		62E819EE1CF14CD5001547F4 /* QRCodeReaderView.m in Sources */ = {isa = PBXBuildFile; fileRef = 62E819E71CF14CD5001547F4 /* QRCodeReaderView.m */; };
		62E819EF1CF14CD5001547F4 /* QRCodeReaderViewController.m in Sources */ = {isa = PBXBuildFile; fileRef = 62E819E91CF14CD5001547F4 /* QRCodeReaderViewController.m */; };
		62E819F01CF14CD5001547F4 /* QRToggleTorchButton.m in Sources */ = {isa = PBXBuildFile; fileRef = 62E819EB1CF14CD5001547F4 /* QRToggleTorchButton.m */; };
		6975C30B1BCC9C1300C0D101 /* main.m in Sources */ = {isa = PBXBuildFile; fileRef = 6975C30A1BCC9C1300C0D101 /* main.m */; };
		6975C30E1BCC9C1300C0D101 /* AppDelegate.m in Sources */ = {isa = PBXBuildFile; fileRef = 6975C30D1BCC9C1300C0D101 /* AppDelegate.m */; };
		6975C3111BCC9C1300C0D101 /* ViewController.m in Sources */ = {isa = PBXBuildFile; fileRef = 6975C3101BCC9C1300C0D101 /* ViewController.m */; };
		6975C3141BCC9C1300C0D101 /* Main.storyboard in Resources */ = {isa = PBXBuildFile; fileRef = 6975C3121BCC9C1300C0D101 /* Main.storyboard */; };
		6975C3161BCC9C1300C0D101 /* Assets.xcassets in Resources */ = {isa = PBXBuildFile; fileRef = 6975C3151BCC9C1300C0D101 /* Assets.xcassets */; };
		6975C3191BCC9C1300C0D101 /* LaunchScreen.storyboard in Resources */ = {isa = PBXBuildFile; fileRef = 6975C3171BCC9C1300C0D101 /* LaunchScreen.storyboard */; };
		6975C3211BCC9D6A00C0D101 /* JavaScriptCore.framework in Frameworks */ = {isa = PBXBuildFile; fileRef = 6975C3201BCC9D6A00C0D101 /* JavaScriptCore.framework */; };
/* End PBXBuildFile section */

/* Begin PBXFileReference section */
		33BE8497E3D82B17D9C107F7 /* libPods.a */ = {isa = PBXFileReference; explicitFileType = archive.ar; includeInIndex = 0; path = libPods.a; sourceTree = BUILT_PRODUCTS_DIR; };
		6201BAB01D054E3A00EEB665 /* libcrypto.a */ = {isa = PBXFileReference; lastKnownFileType = archive.ar; path = libcrypto.a; sourceTree = "<group>"; };
		6201BAB11D054E3A00EEB665 /* libssl.a */ = {isa = PBXFileReference; lastKnownFileType = archive.ar; path = libssl.a; sourceTree = "<group>"; };
		6201BAB41D0555B900EEB665 /* Product.h */ = {isa = PBXFileReference; fileEncoding = 4; lastKnownFileType = sourcecode.c.h; path = Product.h; sourceTree = "<group>"; };
		6201BAB51D0555B900EEB665 /* Product.m */ = {isa = PBXFileReference; fileEncoding = 4; lastKnownFileType = sourcecode.c.objc; path = Product.m; sourceTree = "<group>"; };
		6231B1D51D0530BD00C4AEFF /* aes.h */ = {isa = PBXFileReference; fileEncoding = 4; lastKnownFileType = sourcecode.c.h; path = aes.h; sourceTree = "<group>"; };
		6231B1D61D0530BD00C4AEFF /* asn1.h */ = {isa = PBXFileReference; fileEncoding = 4; lastKnownFileType = sourcecode.c.h; path = asn1.h; sourceTree = "<group>"; };
		6231B1D71D0530BD00C4AEFF /* asn1_mac.h */ = {isa = PBXFileReference; fileEncoding = 4; lastKnownFileType = sourcecode.c.h; path = asn1_mac.h; sourceTree = "<group>"; };
		6231B1D81D0530BD00C4AEFF /* asn1t.h */ = {isa = PBXFileReference; fileEncoding = 4; lastKnownFileType = sourcecode.c.h; path = asn1t.h; sourceTree = "<group>"; };
		6231B1D91D0530BD00C4AEFF /* bio.h */ = {isa = PBXFileReference; fileEncoding = 4; lastKnownFileType = sourcecode.c.h; path = bio.h; sourceTree = "<group>"; };
		6231B1DA1D0530BD00C4AEFF /* blowfish.h */ = {isa = PBXFileReference; fileEncoding = 4; lastKnownFileType = sourcecode.c.h; path = blowfish.h; sourceTree = "<group>"; };
		6231B1DB1D0530BD00C4AEFF /* bn.h */ = {isa = PBXFileReference; fileEncoding = 4; lastKnownFileType = sourcecode.c.h; path = bn.h; sourceTree = "<group>"; };
		6231B1DC1D0530BD00C4AEFF /* buffer.h */ = {isa = PBXFileReference; fileEncoding = 4; lastKnownFileType = sourcecode.c.h; path = buffer.h; sourceTree = "<group>"; };
		6231B1DD1D0530BD00C4AEFF /* camellia.h */ = {isa = PBXFileReference; fileEncoding = 4; lastKnownFileType = sourcecode.c.h; path = camellia.h; sourceTree = "<group>"; };
		6231B1DE1D0530BD00C4AEFF /* cast.h */ = {isa = PBXFileReference; fileEncoding = 4; lastKnownFileType = sourcecode.c.h; path = cast.h; sourceTree = "<group>"; };
		6231B1DF1D0530BD00C4AEFF /* cmac.h */ = {isa = PBXFileReference; fileEncoding = 4; lastKnownFileType = sourcecode.c.h; path = cmac.h; sourceTree = "<group>"; };
		6231B1E01D0530BD00C4AEFF /* cms.h */ = {isa = PBXFileReference; fileEncoding = 4; lastKnownFileType = sourcecode.c.h; path = cms.h; sourceTree = "<group>"; };
		6231B1E11D0530BD00C4AEFF /* comp.h */ = {isa = PBXFileReference; fileEncoding = 4; lastKnownFileType = sourcecode.c.h; path = comp.h; sourceTree = "<group>"; };
		6231B1E21D0530BD00C4AEFF /* conf.h */ = {isa = PBXFileReference; fileEncoding = 4; lastKnownFileType = sourcecode.c.h; path = conf.h; sourceTree = "<group>"; };
		6231B1E31D0530BD00C4AEFF /* conf_api.h */ = {isa = PBXFileReference; fileEncoding = 4; lastKnownFileType = sourcecode.c.h; path = conf_api.h; sourceTree = "<group>"; };
		6231B1E41D0530BD00C4AEFF /* crypto.h */ = {isa = PBXFileReference; fileEncoding = 4; lastKnownFileType = sourcecode.c.h; path = crypto.h; sourceTree = "<group>"; };
		6231B1E51D0530BD00C4AEFF /* des.h */ = {isa = PBXFileReference; fileEncoding = 4; lastKnownFileType = sourcecode.c.h; path = des.h; sourceTree = "<group>"; };
		6231B1E61D0530BD00C4AEFF /* des_old.h */ = {isa = PBXFileReference; fileEncoding = 4; lastKnownFileType = sourcecode.c.h; path = des_old.h; sourceTree = "<group>"; };
		6231B1E71D0530BD00C4AEFF /* dh.h */ = {isa = PBXFileReference; fileEncoding = 4; lastKnownFileType = sourcecode.c.h; path = dh.h; sourceTree = "<group>"; };
		6231B1E81D0530BD00C4AEFF /* dsa.h */ = {isa = PBXFileReference; fileEncoding = 4; lastKnownFileType = sourcecode.c.h; path = dsa.h; sourceTree = "<group>"; };
		6231B1E91D0530BD00C4AEFF /* dso.h */ = {isa = PBXFileReference; fileEncoding = 4; lastKnownFileType = sourcecode.c.h; path = dso.h; sourceTree = "<group>"; };
		6231B1EA1D0530BD00C4AEFF /* dtls1.h */ = {isa = PBXFileReference; fileEncoding = 4; lastKnownFileType = sourcecode.c.h; path = dtls1.h; sourceTree = "<group>"; };
		6231B1EB1D0530BD00C4AEFF /* e_os2.h */ = {isa = PBXFileReference; fileEncoding = 4; lastKnownFileType = sourcecode.c.h; path = e_os2.h; sourceTree = "<group>"; };
		6231B1EC1D0530BD00C4AEFF /* ebcdic.h */ = {isa = PBXFileReference; fileEncoding = 4; lastKnownFileType = sourcecode.c.h; path = ebcdic.h; sourceTree = "<group>"; };
		6231B1ED1D0530BD00C4AEFF /* ec.h */ = {isa = PBXFileReference; fileEncoding = 4; lastKnownFileType = sourcecode.c.h; path = ec.h; sourceTree = "<group>"; };
		6231B1EE1D0530BD00C4AEFF /* ecdh.h */ = {isa = PBXFileReference; fileEncoding = 4; lastKnownFileType = sourcecode.c.h; path = ecdh.h; sourceTree = "<group>"; };
		6231B1EF1D0530BD00C4AEFF /* ecdsa.h */ = {isa = PBXFileReference; fileEncoding = 4; lastKnownFileType = sourcecode.c.h; path = ecdsa.h; sourceTree = "<group>"; };
		6231B1F01D0530BD00C4AEFF /* engine.h */ = {isa = PBXFileReference; fileEncoding = 4; lastKnownFileType = sourcecode.c.h; path = engine.h; sourceTree = "<group>"; };
		6231B1F11D0530BD00C4AEFF /* err.h */ = {isa = PBXFileReference; fileEncoding = 4; lastKnownFileType = sourcecode.c.h; path = err.h; sourceTree = "<group>"; };
		6231B1F21D0530BD00C4AEFF /* evp.h */ = {isa = PBXFileReference; fileEncoding = 4; lastKnownFileType = sourcecode.c.h; path = evp.h; sourceTree = "<group>"; };
		6231B1F31D0530BD00C4AEFF /* hmac.h */ = {isa = PBXFileReference; fileEncoding = 4; lastKnownFileType = sourcecode.c.h; path = hmac.h; sourceTree = "<group>"; };
		6231B1F41D0530BD00C4AEFF /* idea.h */ = {isa = PBXFileReference; fileEncoding = 4; lastKnownFileType = sourcecode.c.h; path = idea.h; sourceTree = "<group>"; };
		6231B1F51D0530BD00C4AEFF /* krb5_asn.h */ = {isa = PBXFileReference; fileEncoding = 4; lastKnownFileType = sourcecode.c.h; path = krb5_asn.h; sourceTree = "<group>"; };
		6231B1F61D0530BD00C4AEFF /* kssl.h */ = {isa = PBXFileReference; fileEncoding = 4; lastKnownFileType = sourcecode.c.h; path = kssl.h; sourceTree = "<group>"; };
		6231B1F71D0530BD00C4AEFF /* lhash.h */ = {isa = PBXFileReference; fileEncoding = 4; lastKnownFileType = sourcecode.c.h; path = lhash.h; sourceTree = "<group>"; };
		6231B1F81D0530BD00C4AEFF /* md4.h */ = {isa = PBXFileReference; fileEncoding = 4; lastKnownFileType = sourcecode.c.h; path = md4.h; sourceTree = "<group>"; };
		6231B1F91D0530BD00C4AEFF /* md5.h */ = {isa = PBXFileReference; fileEncoding = 4; lastKnownFileType = sourcecode.c.h; path = md5.h; sourceTree = "<group>"; };
		6231B1FA1D0530BD00C4AEFF /* mdc2.h */ = {isa = PBXFileReference; fileEncoding = 4; lastKnownFileType = sourcecode.c.h; path = mdc2.h; sourceTree = "<group>"; };
		6231B1FB1D0530BD00C4AEFF /* modes.h */ = {isa = PBXFileReference; fileEncoding = 4; lastKnownFileType = sourcecode.c.h; path = modes.h; sourceTree = "<group>"; };
		6231B1FC1D0530BD00C4AEFF /* obj_mac.h */ = {isa = PBXFileReference; fileEncoding = 4; lastKnownFileType = sourcecode.c.h; path = obj_mac.h; sourceTree = "<group>"; };
		6231B1FD1D0530BD00C4AEFF /* objects.h */ = {isa = PBXFileReference; fileEncoding = 4; lastKnownFileType = sourcecode.c.h; path = objects.h; sourceTree = "<group>"; };
		6231B1FE1D0530BD00C4AEFF /* ocsp.h */ = {isa = PBXFileReference; fileEncoding = 4; lastKnownFileType = sourcecode.c.h; path = ocsp.h; sourceTree = "<group>"; };
		6231B1FF1D0530BD00C4AEFF /* opensslconf.h */ = {isa = PBXFileReference; fileEncoding = 4; lastKnownFileType = sourcecode.c.h; path = opensslconf.h; sourceTree = "<group>"; };
		6231B2001D0530BD00C4AEFF /* opensslv.h */ = {isa = PBXFileReference; fileEncoding = 4; lastKnownFileType = sourcecode.c.h; path = opensslv.h; sourceTree = "<group>"; };
		6231B2011D0530BD00C4AEFF /* ossl_typ.h */ = {isa = PBXFileReference; fileEncoding = 4; lastKnownFileType = sourcecode.c.h; path = ossl_typ.h; sourceTree = "<group>"; };
		6231B2021D0530BD00C4AEFF /* pem.h */ = {isa = PBXFileReference; fileEncoding = 4; lastKnownFileType = sourcecode.c.h; path = pem.h; sourceTree = "<group>"; };
		6231B2031D0530BD00C4AEFF /* pem2.h */ = {isa = PBXFileReference; fileEncoding = 4; lastKnownFileType = sourcecode.c.h; path = pem2.h; sourceTree = "<group>"; };
		6231B2041D0530BD00C4AEFF /* pkcs12.h */ = {isa = PBXFileReference; fileEncoding = 4; lastKnownFileType = sourcecode.c.h; path = pkcs12.h; sourceTree = "<group>"; };
		6231B2051D0530BD00C4AEFF /* pkcs7.h */ = {isa = PBXFileReference; fileEncoding = 4; lastKnownFileType = sourcecode.c.h; path = pkcs7.h; sourceTree = "<group>"; };
		6231B2061D0530BD00C4AEFF /* pqueue.h */ = {isa = PBXFileReference; fileEncoding = 4; lastKnownFileType = sourcecode.c.h; path = pqueue.h; sourceTree = "<group>"; };
		6231B2071D0530BD00C4AEFF /* rand.h */ = {isa = PBXFileReference; fileEncoding = 4; lastKnownFileType = sourcecode.c.h; path = rand.h; sourceTree = "<group>"; };
		6231B2081D0530BD00C4AEFF /* rc2.h */ = {isa = PBXFileReference; fileEncoding = 4; lastKnownFileType = sourcecode.c.h; path = rc2.h; sourceTree = "<group>"; };
		6231B2091D0530BD00C4AEFF /* rc4.h */ = {isa = PBXFileReference; fileEncoding = 4; lastKnownFileType = sourcecode.c.h; path = rc4.h; sourceTree = "<group>"; };
		6231B20A1D0530BD00C4AEFF /* ripemd.h */ = {isa = PBXFileReference; fileEncoding = 4; lastKnownFileType = sourcecode.c.h; path = ripemd.h; sourceTree = "<group>"; };
		6231B20B1D0530BD00C4AEFF /* rsa.h */ = {isa = PBXFileReference; fileEncoding = 4; lastKnownFileType = sourcecode.c.h; path = rsa.h; sourceTree = "<group>"; };
		6231B20C1D0530BD00C4AEFF /* safestack.h */ = {isa = PBXFileReference; fileEncoding = 4; lastKnownFileType = sourcecode.c.h; path = safestack.h; sourceTree = "<group>"; };
		6231B20D1D0530BD00C4AEFF /* seed.h */ = {isa = PBXFileReference; fileEncoding = 4; lastKnownFileType = sourcecode.c.h; path = seed.h; sourceTree = "<group>"; };
		6231B20E1D0530BD00C4AEFF /* sha.h */ = {isa = PBXFileReference; fileEncoding = 4; lastKnownFileType = sourcecode.c.h; path = sha.h; sourceTree = "<group>"; };
		6231B20F1D0530BD00C4AEFF /* srp.h */ = {isa = PBXFileReference; fileEncoding = 4; lastKnownFileType = sourcecode.c.h; path = srp.h; sourceTree = "<group>"; };
		6231B2101D0530BD00C4AEFF /* srtp.h */ = {isa = PBXFileReference; fileEncoding = 4; lastKnownFileType = sourcecode.c.h; path = srtp.h; sourceTree = "<group>"; };
		6231B2111D0530BD00C4AEFF /* ssl.h */ = {isa = PBXFileReference; fileEncoding = 4; lastKnownFileType = sourcecode.c.h; path = ssl.h; sourceTree = "<group>"; };
		6231B2121D0530BD00C4AEFF /* ssl2.h */ = {isa = PBXFileReference; fileEncoding = 4; lastKnownFileType = sourcecode.c.h; path = ssl2.h; sourceTree = "<group>"; };
		6231B2131D0530BD00C4AEFF /* ssl23.h */ = {isa = PBXFileReference; fileEncoding = 4; lastKnownFileType = sourcecode.c.h; path = ssl23.h; sourceTree = "<group>"; };
		6231B2141D0530BD00C4AEFF /* ssl3.h */ = {isa = PBXFileReference; fileEncoding = 4; lastKnownFileType = sourcecode.c.h; path = ssl3.h; sourceTree = "<group>"; };
		6231B2151D0530BD00C4AEFF /* stack.h */ = {isa = PBXFileReference; fileEncoding = 4; lastKnownFileType = sourcecode.c.h; path = stack.h; sourceTree = "<group>"; };
		6231B2161D0530BD00C4AEFF /* symhacks.h */ = {isa = PBXFileReference; fileEncoding = 4; lastKnownFileType = sourcecode.c.h; path = symhacks.h; sourceTree = "<group>"; };
		6231B2171D0530BD00C4AEFF /* tls1.h */ = {isa = PBXFileReference; fileEncoding = 4; lastKnownFileType = sourcecode.c.h; path = tls1.h; sourceTree = "<group>"; };
		6231B2181D0530BD00C4AEFF /* ts.h */ = {isa = PBXFileReference; fileEncoding = 4; lastKnownFileType = sourcecode.c.h; path = ts.h; sourceTree = "<group>"; };
		6231B2191D0530BD00C4AEFF /* txt_db.h */ = {isa = PBXFileReference; fileEncoding = 4; lastKnownFileType = sourcecode.c.h; path = txt_db.h; sourceTree = "<group>"; };
		6231B21A1D0530BD00C4AEFF /* ui.h */ = {isa = PBXFileReference; fileEncoding = 4; lastKnownFileType = sourcecode.c.h; path = ui.h; sourceTree = "<group>"; };
		6231B21B1D0530BD00C4AEFF /* ui_compat.h */ = {isa = PBXFileReference; fileEncoding = 4; lastKnownFileType = sourcecode.c.h; path = ui_compat.h; sourceTree = "<group>"; };
		6231B21C1D0530BD00C4AEFF /* whrlpool.h */ = {isa = PBXFileReference; fileEncoding = 4; lastKnownFileType = sourcecode.c.h; path = whrlpool.h; sourceTree = "<group>"; };
		6231B21D1D0530BD00C4AEFF /* x509.h */ = {isa = PBXFileReference; fileEncoding = 4; lastKnownFileType = sourcecode.c.h; path = x509.h; sourceTree = "<group>"; };
		6231B21E1D0530BD00C4AEFF /* x509_vfy.h */ = {isa = PBXFileReference; fileEncoding = 4; lastKnownFileType = sourcecode.c.h; path = x509_vfy.h; sourceTree = "<group>"; };
		6231B21F1D0530BD00C4AEFF /* x509v3.h */ = {isa = PBXFileReference; fileEncoding = 4; lastKnownFileType = sourcecode.c.h; path = x509v3.h; sourceTree = "<group>"; };
		6231B2211D0530BD00C4AEFF /* base64.h */ = {isa = PBXFileReference; fileEncoding = 4; lastKnownFileType = sourcecode.c.h; path = base64.h; sourceTree = "<group>"; };
		6231B2221D0530BD00C4AEFF /* base64.m */ = {isa = PBXFileReference; fileEncoding = 4; lastKnownFileType = sourcecode.c.objc; path = base64.m; sourceTree = "<group>"; };
		6231B2231D0530BD00C4AEFF /* config.h */ = {isa = PBXFileReference; fileEncoding = 4; lastKnownFileType = sourcecode.c.h; path = config.h; sourceTree = "<group>"; };
		6231B2241D0530BD00C4AEFF /* DataSigner.h */ = {isa = PBXFileReference; fileEncoding = 4; lastKnownFileType = sourcecode.c.h; path = DataSigner.h; sourceTree = "<group>"; };
		6231B2251D0530BD00C4AEFF /* DataSigner.m */ = {isa = PBXFileReference; fileEncoding = 4; lastKnownFileType = sourcecode.c.objc; path = DataSigner.m; sourceTree = "<group>"; };
		6231B2261D0530BD00C4AEFF /* DataVerifier.h */ = {isa = PBXFileReference; fileEncoding = 4; lastKnownFileType = sourcecode.c.h; path = DataVerifier.h; sourceTree = "<group>"; };
		6231B2271D0530BD00C4AEFF /* DataVerifier.m */ = {isa = PBXFileReference; fileEncoding = 4; lastKnownFileType = sourcecode.c.objc; path = DataVerifier.m; sourceTree = "<group>"; };
		6231B2281D0530BD00C4AEFF /* MD5DataSigner.h */ = {isa = PBXFileReference; fileEncoding = 4; lastKnownFileType = sourcecode.c.h; path = MD5DataSigner.h; sourceTree = "<group>"; };
		6231B2291D0530BD00C4AEFF /* MD5DataSigner.m */ = {isa = PBXFileReference; fileEncoding = 4; lastKnownFileType = sourcecode.c.objc; path = MD5DataSigner.m; sourceTree = "<group>"; };
		6231B22A1D0530BD00C4AEFF /* NSDataEx.h */ = {isa = PBXFileReference; fileEncoding = 4; lastKnownFileType = sourcecode.c.h; path = NSDataEx.h; sourceTree = "<group>"; };
		6231B22B1D0530BD00C4AEFF /* NSDataEx.m */ = {isa = PBXFileReference; fileEncoding = 4; lastKnownFileType = sourcecode.c.objc; path = NSDataEx.m; sourceTree = "<group>"; };
		6231B22C1D0530BD00C4AEFF /* openssl_wrapper.h */ = {isa = PBXFileReference; fileEncoding = 4; lastKnownFileType = sourcecode.c.h; path = openssl_wrapper.h; sourceTree = "<group>"; };
		6231B22D1D0530BD00C4AEFF /* openssl_wrapper.m */ = {isa = PBXFileReference; fileEncoding = 4; lastKnownFileType = sourcecode.c.objc; path = openssl_wrapper.m; sourceTree = "<group>"; };
		6231B22E1D0530BD00C4AEFF /* RSADataSigner.h */ = {isa = PBXFileReference; fileEncoding = 4; lastKnownFileType = sourcecode.c.h; path = RSADataSigner.h; sourceTree = "<group>"; };
		6231B22F1D0530BD00C4AEFF /* RSADataSigner.m */ = {isa = PBXFileReference; fileEncoding = 4; lastKnownFileType = sourcecode.c.objc; path = RSADataSigner.m; sourceTree = "<group>"; };
		6231B2301D0530BD00C4AEFF /* RSADataVerifier.h */ = {isa = PBXFileReference; fileEncoding = 4; lastKnownFileType = sourcecode.c.h; path = RSADataVerifier.h; sourceTree = "<group>"; };
		6231B2311D0530BD00C4AEFF /* RSADataVerifier.m */ = {isa = PBXFileReference; fileEncoding = 4; lastKnownFileType = sourcecode.c.objc; path = RSADataVerifier.m; sourceTree = "<group>"; };
		6238C5DB1D0D3F0E00269025 /* backItemImage@2x.png */ = {isa = PBXFileReference; lastKnownFileType = image.png; path = "backItemImage@2x.png"; sourceTree = "<group>"; };
		6238C5DC1D0D3F0E00269025 /* backItemImage_hl@2x.png */ = {isa = PBXFileReference; lastKnownFileType = image.png; path = "backItemImage_hl@2x.png"; sourceTree = "<group>"; };
		6238C5DE1D0D3F0E00269025 /* NJKWebViewProgress.h */ = {isa = PBXFileReference; fileEncoding = 4; lastKnownFileType = sourcecode.c.h; path = NJKWebViewProgress.h; sourceTree = "<group>"; };
		6238C5DF1D0D3F0E00269025 /* NJKWebViewProgress.m */ = {isa = PBXFileReference; fileEncoding = 4; lastKnownFileType = sourcecode.c.objc; path = NJKWebViewProgress.m; sourceTree = "<group>"; };
		6238C5E01D0D3F0E00269025 /* NJKWebViewProgressView.h */ = {isa = PBXFileReference; fileEncoding = 4; lastKnownFileType = sourcecode.c.h; path = NJKWebViewProgressView.h; sourceTree = "<group>"; };
		6238C5E11D0D3F0E00269025 /* NJKWebViewProgressView.m */ = {isa = PBXFileReference; fileEncoding = 4; lastKnownFileType = sourcecode.c.objc; path = NJKWebViewProgressView.m; sourceTree = "<group>"; };
		6238C5E21D0D3F0E00269025 /* RxWebViewController.h */ = {isa = PBXFileReference; fileEncoding = 4; lastKnownFileType = sourcecode.c.h; path = RxWebViewController.h; sourceTree = "<group>"; };
		6238C5E31D0D3F0E00269025 /* RxWebViewController.m */ = {isa = PBXFileReference; fileEncoding = 4; lastKnownFileType = sourcecode.c.objc; path = RxWebViewController.m; sourceTree = "<group>"; };
		6238C5E41D0D3F0E00269025 /* RxWebViewNavigationViewController.h */ = {isa = PBXFileReference; fileEncoding = 4; lastKnownFileType = sourcecode.c.h; path = RxWebViewNavigationViewController.h; sourceTree = "<group>"; };
		6238C5E51D0D3F0E00269025 /* RxWebViewNavigationViewController.m */ = {isa = PBXFileReference; fileEncoding = 4; lastKnownFileType = sourcecode.c.objc; path = RxWebViewNavigationViewController.m; sourceTree = "<group>"; };
		624D32371D0725F500BD2F42 /* spec.png */ = {isa = PBXFileReference; lastKnownFileType = image.png; path = spec.png; sourceTree = "<group>"; };
		625524701CF302360069FF89 /* ShareSDK.framework */ = {isa = PBXFileReference; lastKnownFileType = wrapper.framework; path = ShareSDK.framework; sourceTree = "<group>"; };
		625524731CF302360069FF89 /* ShareSDKExtension.framework */ = {isa = PBXFileReference; lastKnownFileType = wrapper.framework; path = ShareSDKExtension.framework; sourceTree = "<group>"; };
		625524741CF302360069FF89 /* ShareSDKUI.bundle */ = {isa = PBXFileReference; lastKnownFileType = "wrapper.plug-in"; path = ShareSDKUI.bundle; sourceTree = "<group>"; };
		625524751CF302360069FF89 /* ShareSDKUI.framework */ = {isa = PBXFileReference; lastKnownFileType = wrapper.framework; path = ShareSDKUI.framework; sourceTree = "<group>"; };
		625524781CF302360069FF89 /* TencentOpenAPI.framework */ = {isa = PBXFileReference; lastKnownFileType = wrapper.framework; path = TencentOpenAPI.framework; sourceTree = "<group>"; };
		625524791CF302360069FF89 /* TencentOpenApi_IOS_Bundle.bundle */ = {isa = PBXFileReference; lastKnownFileType = "wrapper.plug-in"; path = TencentOpenApi_IOS_Bundle.bundle; sourceTree = "<group>"; };
		6255247B1CF302360069FF89 /* libWeiboSDK.a */ = {isa = PBXFileReference; lastKnownFileType = archive.ar; path = libWeiboSDK.a; sourceTree = "<group>"; };
		6255247C1CF302360069FF89 /* WBHttpRequest+WeiboGame.h */ = {isa = PBXFileReference; fileEncoding = 4; lastKnownFileType = sourcecode.c.h; path = "WBHttpRequest+WeiboGame.h"; sourceTree = "<group>"; };
		6255247D1CF302360069FF89 /* WBHttpRequest+WeiboShare.h */ = {isa = PBXFileReference; fileEncoding = 4; lastKnownFileType = sourcecode.c.h; path = "WBHttpRequest+WeiboShare.h"; sourceTree = "<group>"; };
		6255247E1CF302360069FF89 /* WBHttpRequest+WeiboToken.h */ = {isa = PBXFileReference; fileEncoding = 4; lastKnownFileType = sourcecode.c.h; path = "WBHttpRequest+WeiboToken.h"; sourceTree = "<group>"; };
		6255247F1CF302360069FF89 /* WBHttpRequest+WeiboUser.h */ = {isa = PBXFileReference; fileEncoding = 4; lastKnownFileType = sourcecode.c.h; path = "WBHttpRequest+WeiboUser.h"; sourceTree = "<group>"; };
		625524801CF302360069FF89 /* WBHttpRequest.h */ = {isa = PBXFileReference; fileEncoding = 4; lastKnownFileType = sourcecode.c.h; path = WBHttpRequest.h; sourceTree = "<group>"; };
		625524811CF302360069FF89 /* WBSDKBasicButton.h */ = {isa = PBXFileReference; fileEncoding = 4; lastKnownFileType = sourcecode.c.h; path = WBSDKBasicButton.h; sourceTree = "<group>"; };
		625524821CF302360069FF89 /* WBSDKCommentButton.h */ = {isa = PBXFileReference; fileEncoding = 4; lastKnownFileType = sourcecode.c.h; path = WBSDKCommentButton.h; sourceTree = "<group>"; };
		625524831CF302360069FF89 /* WBSDKRelationshipButton.h */ = {isa = PBXFileReference; fileEncoding = 4; lastKnownFileType = sourcecode.c.h; path = WBSDKRelationshipButton.h; sourceTree = "<group>"; };
		625524841CF302360069FF89 /* WeiboSDK+Statistics.h */ = {isa = PBXFileReference; fileEncoding = 4; lastKnownFileType = sourcecode.c.h; path = "WeiboSDK+Statistics.h"; sourceTree = "<group>"; };
		625524851CF302360069FF89 /* WeiboSDK.bundle */ = {isa = PBXFileReference; lastKnownFileType = "wrapper.plug-in"; path = WeiboSDK.bundle; sourceTree = "<group>"; };
		625524861CF302360069FF89 /* WeiboSDK.h */ = {isa = PBXFileReference; fileEncoding = 4; lastKnownFileType = sourcecode.c.h; path = WeiboSDK.h; sourceTree = "<group>"; };
		625524871CF302360069FF89 /* WeiboUser.h */ = {isa = PBXFileReference; fileEncoding = 4; lastKnownFileType = sourcecode.c.h; path = WeiboUser.h; sourceTree = "<group>"; };
		625524891CF302360069FF89 /* libWeChatSDK.a */ = {isa = PBXFileReference; lastKnownFileType = archive.ar; path = libWeChatSDK.a; sourceTree = "<group>"; };
		6255248A1CF302360069FF89 /* README.txt */ = {isa = PBXFileReference; fileEncoding = 4; lastKnownFileType = text; path = README.txt; sourceTree = "<group>"; };
		6255248B1CF302360069FF89 /* WechatAuthSDK.h */ = {isa = PBXFileReference; fileEncoding = 4; lastKnownFileType = sourcecode.c.h; path = WechatAuthSDK.h; sourceTree = "<group>"; };
		6255248C1CF302360069FF89 /* WXApi.h */ = {isa = PBXFileReference; fileEncoding = 4; lastKnownFileType = sourcecode.c.h; path = WXApi.h; sourceTree = "<group>"; };
		6255248D1CF302360069FF89 /* WXApiObject.h */ = {isa = PBXFileReference; fileEncoding = 4; lastKnownFileType = sourcecode.c.h; path = WXApiObject.h; sourceTree = "<group>"; };
		6255248F1CF302360069FF89 /* MOBFoundation.framework */ = {isa = PBXFileReference; lastKnownFileType = wrapper.framework; path = MOBFoundation.framework; sourceTree = "<group>"; };
		625524901CF302360069FF89 /* ShareSDK.bundle */ = {isa = PBXFileReference; lastKnownFileType = "wrapper.plug-in"; path = ShareSDK.bundle; sourceTree = "<group>"; };
		625524911CF302360069FF89 /* ShareSDKConnector.framework */ = {isa = PBXFileReference; lastKnownFileType = wrapper.framework; path = ShareSDKConnector.framework; sourceTree = "<group>"; };
		6255249F1CF302C20069FF89 /* libicucore.tbd */ = {isa = PBXFileReference; lastKnownFileType = "sourcecode.text-based-dylib-definition"; name = libicucore.tbd; path = usr/lib/libicucore.tbd; sourceTree = SDKROOT; };
		625524A11CF302CD0069FF89 /* libz.tbd */ = {isa = PBXFileReference; lastKnownFileType = "sourcecode.text-based-dylib-definition"; name = libz.tbd; path = usr/lib/libz.tbd; sourceTree = SDKROOT; };
		625524A31CF302D90069FF89 /* libstdc++.tbd */ = {isa = PBXFileReference; lastKnownFileType = "sourcecode.text-based-dylib-definition"; name = "libstdc++.tbd"; path = "usr/lib/libstdc++.tbd"; sourceTree = SDKROOT; };
		625524A51CF302E60069FF89 /* ImageIO.framework */ = {isa = PBXFileReference; lastKnownFileType = wrapper.framework; name = ImageIO.framework; path = System/Library/Frameworks/ImageIO.framework; sourceTree = SDKROOT; };
		625524A71CF302F00069FF89 /* libsqlite3.tbd */ = {isa = PBXFileReference; lastKnownFileType = "sourcecode.text-based-dylib-definition"; name = libsqlite3.tbd; path = usr/lib/libsqlite3.tbd; sourceTree = SDKROOT; };
		625524A91CF302F60069FF89 /* AdSupport.framework */ = {isa = PBXFileReference; lastKnownFileType = wrapper.framework; name = AdSupport.framework; path = System/Library/Frameworks/AdSupport.framework; sourceTree = SDKROOT; };
		626804D41C76C79C00DAD9DE /* JSNativeMethod.h */ = {isa = PBXFileReference; fileEncoding = 4; lastKnownFileType = sourcecode.c.h; path = JSNativeMethod.h; sourceTree = "<group>"; };
		626804D51C76C79C00DAD9DE /* JSNativeMethod.m */ = {isa = PBXFileReference; fileEncoding = 4; lastKnownFileType = sourcecode.c.objc; path = JSNativeMethod.m; sourceTree = "<group>"; };
		626804D91C7710A700DAD9DE /* IOSTest.html */ = {isa = PBXFileReference; fileEncoding = 4; lastKnownFileType = text.html; path = IOSTest.html; sourceTree = "<group>"; };
		62B7E6BA1D05164300D3F744 /* AlipaySDK.bundle */ = {isa = PBXFileReference; lastKnownFileType = "wrapper.plug-in"; path = AlipaySDK.bundle; sourceTree = "<group>"; };
		62B7E6BB1D05164300D3F744 /* AlipaySDK.framework */ = {isa = PBXFileReference; lastKnownFileType = wrapper.framework; path = AlipaySDK.framework; sourceTree = "<group>"; };
		62B7E6BE1D05166F00D3F744 /* libc++.tbd */ = {isa = PBXFileReference; lastKnownFileType = "sourcecode.text-based-dylib-definition"; name = "libc++.tbd"; path = "usr/lib/libc++.tbd"; sourceTree = SDKROOT; };
		62B7E6C01D05167C00D3F744 /* SystemConfiguration.framework */ = {isa = PBXFileReference; lastKnownFileType = wrapper.framework; name = SystemConfiguration.framework; path = System/Library/Frameworks/SystemConfiguration.framework; sourceTree = SDKROOT; };
		62B7E6C21D05168B00D3F744 /* CoreTelephony.framework */ = {isa = PBXFileReference; lastKnownFileType = wrapper.framework; name = CoreTelephony.framework; path = System/Library/Frameworks/CoreTelephony.framework; sourceTree = SDKROOT; };
		62B7E6C41D05169100D3F744 /* QuartzCore.framework */ = {isa = PBXFileReference; lastKnownFileType = wrapper.framework; name = QuartzCore.framework; path = System/Library/Frameworks/QuartzCore.framework; sourceTree = SDKROOT; };
		62B7E6C61D05169700D3F744 /* CoreText.framework */ = {isa = PBXFileReference; lastKnownFileType = wrapper.framework; name = CoreText.framework; path = System/Library/Frameworks/CoreText.framework; sourceTree = SDKROOT; };
		62B7E6C81D05169E00D3F744 /* CoreGraphics.framework */ = {isa = PBXFileReference; lastKnownFileType = wrapper.framework; name = CoreGraphics.framework; path = System/Library/Frameworks/CoreGraphics.framework; sourceTree = SDKROOT; };
		62B7E6CA1D0516A300D3F744 /* UIKit.framework */ = {isa = PBXFileReference; lastKnownFileType = wrapper.framework; name = UIKit.framework; path = System/Library/Frameworks/UIKit.framework; sourceTree = SDKROOT; };
		62B7E6CC1D0516AE00D3F744 /* Foundation.framework */ = {isa = PBXFileReference; lastKnownFileType = wrapper.framework; name = Foundation.framework; path = System/Library/Frameworks/Foundation.framework; sourceTree = SDKROOT; };
		62B7E6CE1D0516B500D3F744 /* CFNetwork.framework */ = {isa = PBXFileReference; lastKnownFileType = wrapper.framework; name = CFNetwork.framework; path = System/Library/Frameworks/CFNetwork.framework; sourceTree = SDKROOT; };
		62B7E6D01D0516BA00D3F744 /* CoreMotion.framework */ = {isa = PBXFileReference; lastKnownFileType = wrapper.framework; name = CoreMotion.framework; path = System/Library/Frameworks/CoreMotion.framework; sourceTree = SDKROOT; };
		62B7E6D21D0518F400D3F744 /* Order.h */ = {isa = PBXFileReference; fileEncoding = 4; lastKnownFileType = sourcecode.c.h; path = Order.h; sourceTree = "<group>"; };
		62B7E6D31D0518F400D3F744 /* Order.m */ = {isa = PBXFileReference; fileEncoding = 4; lastKnownFileType = sourcecode.c.objc; path = Order.m; sourceTree = "<group>"; };
		62E819DD1CEF1143001547F4 /* GpsManager.h */ = {isa = PBXFileReference; fileEncoding = 4; lastKnownFileType = sourcecode.c.h; path = GpsManager.h; sourceTree = "<group>"; };
		62E819DE1CEF1143001547F4 /* GpsManager.m */ = {isa = PBXFileReference; fileEncoding = 4; lastKnownFileType = sourcecode.c.objc; path = GpsManager.m; sourceTree = "<group>"; };
		62E819E11CF14CD5001547F4 /* QRCameraSwitchButton.h */ = {isa = PBXFileReference; fileEncoding = 4; lastKnownFileType = sourcecode.c.h; path = QRCameraSwitchButton.h; sourceTree = "<group>"; };
		62E819E21CF14CD5001547F4 /* QRCameraSwitchButton.m */ = {isa = PBXFileReference; fileEncoding = 4; lastKnownFileType = sourcecode.c.objc; path = QRCameraSwitchButton.m; sourceTree = "<group>"; };
		62E819E31CF14CD5001547F4 /* QRCodeReader.h */ = {isa = PBXFileReference; fileEncoding = 4; lastKnownFileType = sourcecode.c.h; path = QRCodeReader.h; sourceTree = "<group>"; };
		62E819E41CF14CD5001547F4 /* QRCodeReader.m */ = {isa = PBXFileReference; fileEncoding = 4; lastKnownFileType = sourcecode.c.objc; path = QRCodeReader.m; sourceTree = "<group>"; };
		62E819E51CF14CD5001547F4 /* QRCodeReaderDelegate.h */ = {isa = PBXFileReference; fileEncoding = 4; lastKnownFileType = sourcecode.c.h; path = QRCodeReaderDelegate.h; sourceTree = "<group>"; };
		62E819E61CF14CD5001547F4 /* QRCodeReaderView.h */ = {isa = PBXFileReference; fileEncoding = 4; lastKnownFileType = sourcecode.c.h; path = QRCodeReaderView.h; sourceTree = "<group>"; };
		62E819E71CF14CD5001547F4 /* QRCodeReaderView.m */ = {isa = PBXFileReference; fileEncoding = 4; lastKnownFileType = sourcecode.c.objc; path = QRCodeReaderView.m; sourceTree = "<group>"; };
		62E819E81CF14CD5001547F4 /* QRCodeReaderViewController.h */ = {isa = PBXFileReference; fileEncoding = 4; lastKnownFileType = sourcecode.c.h; path = QRCodeReaderViewController.h; sourceTree = "<group>"; };
		62E819E91CF14CD5001547F4 /* QRCodeReaderViewController.m */ = {isa = PBXFileReference; fileEncoding = 4; lastKnownFileType = sourcecode.c.objc; path = QRCodeReaderViewController.m; sourceTree = "<group>"; };
		62E819EA1CF14CD5001547F4 /* QRToggleTorchButton.h */ = {isa = PBXFileReference; fileEncoding = 4; lastKnownFileType = sourcecode.c.h; path = QRToggleTorchButton.h; sourceTree = "<group>"; };
		62E819EB1CF14CD5001547F4 /* QRToggleTorchButton.m */ = {isa = PBXFileReference; fileEncoding = 4; lastKnownFileType = sourcecode.c.objc; path = QRToggleTorchButton.m; sourceTree = "<group>"; };
		6975C3061BCC9C1300C0D101 /* JavaScriptAndObjectiveC.app */ = {isa = PBXFileReference; explicitFileType = wrapper.application; includeInIndex = 0; path = JavaScriptAndObjectiveC.app; sourceTree = BUILT_PRODUCTS_DIR; };
		6975C30A1BCC9C1300C0D101 /* main.m */ = {isa = PBXFileReference; lastKnownFileType = sourcecode.c.objc; path = main.m; sourceTree = "<group>"; };
		6975C30C1BCC9C1300C0D101 /* AppDelegate.h */ = {isa = PBXFileReference; lastKnownFileType = sourcecode.c.h; path = AppDelegate.h; sourceTree = "<group>"; };
		6975C30D1BCC9C1300C0D101 /* AppDelegate.m */ = {isa = PBXFileReference; lastKnownFileType = sourcecode.c.objc; path = AppDelegate.m; sourceTree = "<group>"; };
		6975C30F1BCC9C1300C0D101 /* ViewController.h */ = {isa = PBXFileReference; lastKnownFileType = sourcecode.c.h; path = ViewController.h; sourceTree = "<group>"; };
		6975C3101BCC9C1300C0D101 /* ViewController.m */ = {isa = PBXFileReference; lastKnownFileType = sourcecode.c.objc; path = ViewController.m; sourceTree = "<group>"; };
		6975C3131BCC9C1300C0D101 /* Base */ = {isa = PBXFileReference; lastKnownFileType = file.storyboard; name = Base; path = Base.lproj/Main.storyboard; sourceTree = "<group>"; };
		6975C3151BCC9C1300C0D101 /* Assets.xcassets */ = {isa = PBXFileReference; lastKnownFileType = folder.assetcatalog; path = Assets.xcassets; sourceTree = "<group>"; };
		6975C3181BCC9C1300C0D101 /* Base */ = {isa = PBXFileReference; lastKnownFileType = file.storyboard; name = Base; path = Base.lproj/LaunchScreen.storyboard; sourceTree = "<group>"; };
		6975C31A1BCC9C1300C0D101 /* Info.plist */ = {isa = PBXFileReference; lastKnownFileType = text.plist.xml; path = Info.plist; sourceTree = "<group>"; };
		6975C3201BCC9D6A00C0D101 /* JavaScriptCore.framework */ = {isa = PBXFileReference; lastKnownFileType = wrapper.framework; name = JavaScriptCore.framework; path = System/Library/Frameworks/JavaScriptCore.framework; sourceTree = SDKROOT; };
		C3933C4CEFD348C89B4F84A1 /* Pods.debug.xcconfig */ = {isa = PBXFileReference; includeInIndex = 1; lastKnownFileType = text.xcconfig; name = Pods.debug.xcconfig; path = "Pods/Target Support Files/Pods/Pods.debug.xcconfig"; sourceTree = "<group>"; };
		DF593947982FC9B8B75FF7BA /* Pods.release.xcconfig */ = {isa = PBXFileReference; includeInIndex = 1; lastKnownFileType = text.xcconfig; name = Pods.release.xcconfig; path = "Pods/Target Support Files/Pods/Pods.release.xcconfig"; sourceTree = "<group>"; };
/* End PBXFileReference section */

/* Begin PBXFrameworksBuildPhase section */
		6975C3031BCC9C1300C0D101 /* Frameworks */ = {
			isa = PBXFrameworksBuildPhase;
			buildActionMask = 2147483647;
			files = (
				62B7E6BD1D05164300D3F744 /* AlipaySDK.framework in Frameworks */,
				62B7E6D11D0516BA00D3F744 /* CoreMotion.framework in Frameworks */,
				62B7E6CF1D0516B500D3F744 /* CFNetwork.framework in Frameworks */,
				62B7E6CD1D0516AE00D3F744 /* Foundation.framework in Frameworks */,
				62B7E6CB1D0516A300D3F744 /* UIKit.framework in Frameworks */,
				62B7E6C91D05169E00D3F744 /* CoreGraphics.framework in Frameworks */,
				6201BAB21D054E3A00EEB665 /* libcrypto.a in Frameworks */,
				62B7E6C71D05169700D3F744 /* CoreText.framework in Frameworks */,
				62B7E6C51D05169100D3F744 /* QuartzCore.framework in Frameworks */,
				62B7E6C31D05168B00D3F744 /* CoreTelephony.framework in Frameworks */,
				625524A21CF302CD0069FF89 /* libz.tbd in Frameworks */,
				62B7E6C11D05167C00D3F744 /* SystemConfiguration.framework in Frameworks */,
				62B7E6BF1D05166F00D3F744 /* libc++.tbd in Frameworks */,
				6201BAB31D054E3A00EEB665 /* libssl.a in Frameworks */,
				625524AA1CF302F60069FF89 /* AdSupport.framework in Frameworks */,
				625524A81CF302F00069FF89 /* libsqlite3.tbd in Frameworks */,
				625524A61CF302E60069FF89 /* ImageIO.framework in Frameworks */,
				625524A41CF302D90069FF89 /* libstdc++.tbd in Frameworks */,
				625524A01CF302C20069FF89 /* libicucore.tbd in Frameworks */,
				6255249C1CF302360069FF89 /* MOBFoundation.framework in Frameworks */,
				6255249A1CF302360069FF89 /* libWeChatSDK.a in Frameworks */,
				625524961CF302360069FF89 /* TencentOpenAPI.framework in Frameworks */,
				625524981CF302360069FF89 /* libWeiboSDK.a in Frameworks */,
				6975C3211BCC9D6A00C0D101 /* JavaScriptCore.framework in Frameworks */,
				625524921CF302360069FF89 /* ShareSDK.framework in Frameworks */,
				625524931CF302360069FF89 /* ShareSDKExtension.framework in Frameworks */,
				6255249E1CF302360069FF89 /* ShareSDKConnector.framework in Frameworks */,
				625524951CF302360069FF89 /* ShareSDKUI.framework in Frameworks */,
				39B113F74643B4D6D964DE11 /* libPods.a in Frameworks */,
			);
			runOnlyForDeploymentPostprocessing = 0;
		};
/* End PBXFrameworksBuildPhase section */

/* Begin PBXGroup section */
		217C38A498FEB1B54F5A1D87 /* Frameworks */ = {
			isa = PBXGroup;
			children = (
				62B7E6D01D0516BA00D3F744 /* CoreMotion.framework */,
				62B7E6CE1D0516B500D3F744 /* CFNetwork.framework */,
				62B7E6CC1D0516AE00D3F744 /* Foundation.framework */,
				62B7E6CA1D0516A300D3F744 /* UIKit.framework */,
				62B7E6C81D05169E00D3F744 /* CoreGraphics.framework */,
				62B7E6C61D05169700D3F744 /* CoreText.framework */,
				62B7E6C41D05169100D3F744 /* QuartzCore.framework */,
				62B7E6C21D05168B00D3F744 /* CoreTelephony.framework */,
				62B7E6C01D05167C00D3F744 /* SystemConfiguration.framework */,
				62B7E6BE1D05166F00D3F744 /* libc++.tbd */,
				33BE8497E3D82B17D9C107F7 /* libPods.a */,
			);
			name = Frameworks;
			sourceTree = "<group>";
		};
		6231B1D31D0530BD00C4AEFF /* Alipay */ = {
			isa = PBXGroup;
			children = (
				6231B1D41D0530BD00C4AEFF /* openssl */,
				6231B2201D0530BD00C4AEFF /* Util */,
			);
			path = Alipay;
			sourceTree = "<group>";
		};
		6231B1D41D0530BD00C4AEFF /* openssl */ = {
			isa = PBXGroup;
			children = (
				6231B1D51D0530BD00C4AEFF /* aes.h */,
				6231B1D61D0530BD00C4AEFF /* asn1.h */,
				6231B1D71D0530BD00C4AEFF /* asn1_mac.h */,
				6231B1D81D0530BD00C4AEFF /* asn1t.h */,
				6231B1D91D0530BD00C4AEFF /* bio.h */,
				6231B1DA1D0530BD00C4AEFF /* blowfish.h */,
				6231B1DB1D0530BD00C4AEFF /* bn.h */,
				6231B1DC1D0530BD00C4AEFF /* buffer.h */,
				6231B1DD1D0530BD00C4AEFF /* camellia.h */,
				6231B1DE1D0530BD00C4AEFF /* cast.h */,
				6231B1DF1D0530BD00C4AEFF /* cmac.h */,
				6231B1E01D0530BD00C4AEFF /* cms.h */,
				6231B1E11D0530BD00C4AEFF /* comp.h */,
				6231B1E21D0530BD00C4AEFF /* conf.h */,
				6231B1E31D0530BD00C4AEFF /* conf_api.h */,
				6231B1E41D0530BD00C4AEFF /* crypto.h */,
				6231B1E51D0530BD00C4AEFF /* des.h */,
				6231B1E61D0530BD00C4AEFF /* des_old.h */,
				6231B1E71D0530BD00C4AEFF /* dh.h */,
				6231B1E81D0530BD00C4AEFF /* dsa.h */,
				6231B1E91D0530BD00C4AEFF /* dso.h */,
				6231B1EA1D0530BD00C4AEFF /* dtls1.h */,
				6231B1EB1D0530BD00C4AEFF /* e_os2.h */,
				6231B1EC1D0530BD00C4AEFF /* ebcdic.h */,
				6231B1ED1D0530BD00C4AEFF /* ec.h */,
				6231B1EE1D0530BD00C4AEFF /* ecdh.h */,
				6231B1EF1D0530BD00C4AEFF /* ecdsa.h */,
				6231B1F01D0530BD00C4AEFF /* engine.h */,
				6231B1F11D0530BD00C4AEFF /* err.h */,
				6231B1F21D0530BD00C4AEFF /* evp.h */,
				6231B1F31D0530BD00C4AEFF /* hmac.h */,
				6231B1F41D0530BD00C4AEFF /* idea.h */,
				6231B1F51D0530BD00C4AEFF /* krb5_asn.h */,
				6231B1F61D0530BD00C4AEFF /* kssl.h */,
				6231B1F71D0530BD00C4AEFF /* lhash.h */,
				6231B1F81D0530BD00C4AEFF /* md4.h */,
				6231B1F91D0530BD00C4AEFF /* md5.h */,
				6231B1FA1D0530BD00C4AEFF /* mdc2.h */,
				6231B1FB1D0530BD00C4AEFF /* modes.h */,
				6231B1FC1D0530BD00C4AEFF /* obj_mac.h */,
				6231B1FD1D0530BD00C4AEFF /* objects.h */,
				6231B1FE1D0530BD00C4AEFF /* ocsp.h */,
				6231B1FF1D0530BD00C4AEFF /* opensslconf.h */,
				6231B2001D0530BD00C4AEFF /* opensslv.h */,
				6231B2011D0530BD00C4AEFF /* ossl_typ.h */,
				6231B2021D0530BD00C4AEFF /* pem.h */,
				6231B2031D0530BD00C4AEFF /* pem2.h */,
				6231B2041D0530BD00C4AEFF /* pkcs12.h */,
				6231B2051D0530BD00C4AEFF /* pkcs7.h */,
				6231B2061D0530BD00C4AEFF /* pqueue.h */,
				6231B2071D0530BD00C4AEFF /* rand.h */,
				6231B2081D0530BD00C4AEFF /* rc2.h */,
				6231B2091D0530BD00C4AEFF /* rc4.h */,
				6231B20A1D0530BD00C4AEFF /* ripemd.h */,
				6231B20B1D0530BD00C4AEFF /* rsa.h */,
				6231B20C1D0530BD00C4AEFF /* safestack.h */,
				6231B20D1D0530BD00C4AEFF /* seed.h */,
				6231B20E1D0530BD00C4AEFF /* sha.h */,
				6231B20F1D0530BD00C4AEFF /* srp.h */,
				6231B2101D0530BD00C4AEFF /* srtp.h */,
				6231B2111D0530BD00C4AEFF /* ssl.h */,
				6231B2121D0530BD00C4AEFF /* ssl2.h */,
				6231B2131D0530BD00C4AEFF /* ssl23.h */,
				6231B2141D0530BD00C4AEFF /* ssl3.h */,
				6231B2151D0530BD00C4AEFF /* stack.h */,
				6231B2161D0530BD00C4AEFF /* symhacks.h */,
				6231B2171D0530BD00C4AEFF /* tls1.h */,
				6231B2181D0530BD00C4AEFF /* ts.h */,
				6231B2191D0530BD00C4AEFF /* txt_db.h */,
				6231B21A1D0530BD00C4AEFF /* ui.h */,
				6231B21B1D0530BD00C4AEFF /* ui_compat.h */,
				6231B21C1D0530BD00C4AEFF /* whrlpool.h */,
				6231B21D1D0530BD00C4AEFF /* x509.h */,
				6231B21E1D0530BD00C4AEFF /* x509_vfy.h */,
				6231B21F1D0530BD00C4AEFF /* x509v3.h */,
			);
			path = openssl;
			sourceTree = "<group>";
		};
		6231B2201D0530BD00C4AEFF /* Util */ = {
			isa = PBXGroup;
			children = (
				6231B2211D0530BD00C4AEFF /* base64.h */,
				6231B2221D0530BD00C4AEFF /* base64.m */,
				6231B2231D0530BD00C4AEFF /* config.h */,
				6231B2241D0530BD00C4AEFF /* DataSigner.h */,
				6231B2251D0530BD00C4AEFF /* DataSigner.m */,
				6231B2261D0530BD00C4AEFF /* DataVerifier.h */,
				6231B2271D0530BD00C4AEFF /* DataVerifier.m */,
				6231B2281D0530BD00C4AEFF /* MD5DataSigner.h */,
				6231B2291D0530BD00C4AEFF /* MD5DataSigner.m */,
				6231B22A1D0530BD00C4AEFF /* NSDataEx.h */,
				6231B22B1D0530BD00C4AEFF /* NSDataEx.m */,
				6231B22C1D0530BD00C4AEFF /* openssl_wrapper.h */,
				6231B22D1D0530BD00C4AEFF /* openssl_wrapper.m */,
				6231B22E1D0530BD00C4AEFF /* RSADataSigner.h */,
				6231B22F1D0530BD00C4AEFF /* RSADataSigner.m */,
				6231B2301D0530BD00C4AEFF /* RSADataVerifier.h */,
				6231B2311D0530BD00C4AEFF /* RSADataVerifier.m */,
			);
			path = Util;
			sourceTree = "<group>";
		};
		6238C5DA1D0D3F0E00269025 /* RxWebViewController */ = {
			isa = PBXGroup;
			children = (
				6238C5DB1D0D3F0E00269025 /* backItemImage@2x.png */,
				6238C5DC1D0D3F0E00269025 /* backItemImage_hl@2x.png */,
				6238C5DD1D0D3F0E00269025 /* NJKWebViewProgress */,
				6238C5E21D0D3F0E00269025 /* RxWebViewController.h */,
				6238C5E31D0D3F0E00269025 /* RxWebViewController.m */,
				6238C5E41D0D3F0E00269025 /* RxWebViewNavigationViewController.h */,
				6238C5E51D0D3F0E00269025 /* RxWebViewNavigationViewController.m */,
			);
			path = RxWebViewController;
			sourceTree = "<group>";
		};
		6238C5DD1D0D3F0E00269025 /* NJKWebViewProgress */ = {
			isa = PBXGroup;
			children = (
				6238C5DE1D0D3F0E00269025 /* NJKWebViewProgress.h */,
				6238C5DF1D0D3F0E00269025 /* NJKWebViewProgress.m */,
				6238C5E01D0D3F0E00269025 /* NJKWebViewProgressView.h */,
				6238C5E11D0D3F0E00269025 /* NJKWebViewProgressView.m */,
			);
			path = NJKWebViewProgress;
			sourceTree = "<group>";
		};
		6255246F1CF302360069FF89 /* ShareSDK */ = {
			isa = PBXGroup;
			children = (
				625524701CF302360069FF89 /* ShareSDK.framework */,
				625524711CF302360069FF89 /* Support */,
			);
			path = ShareSDK;
			sourceTree = "<group>";
		};
		625524711CF302360069FF89 /* Support */ = {
			isa = PBXGroup;
			children = (
				625524721CF302360069FF89 /* Optional */,
				625524761CF302360069FF89 /* PlatformSDK */,
				6255248E1CF302360069FF89 /* Required */,
			);
			path = Support;
			sourceTree = "<group>";
		};
		625524721CF302360069FF89 /* Optional */ = {
			isa = PBXGroup;
			children = (
				625524731CF302360069FF89 /* ShareSDKExtension.framework */,
				625524741CF302360069FF89 /* ShareSDKUI.bundle */,
				625524751CF302360069FF89 /* ShareSDKUI.framework */,
			);
			path = Optional;
			sourceTree = "<group>";
		};
		625524761CF302360069FF89 /* PlatformSDK */ = {
			isa = PBXGroup;
			children = (
				625524771CF302360069FF89 /* QQSDK */,
				6255247A1CF302360069FF89 /* SinaWeiboSDK */,
				625524881CF302360069FF89 /* WeChatSDK */,
			);
			path = PlatformSDK;
			sourceTree = "<group>";
		};
		625524771CF302360069FF89 /* QQSDK */ = {
			isa = PBXGroup;
			children = (
				625524781CF302360069FF89 /* TencentOpenAPI.framework */,
				625524791CF302360069FF89 /* TencentOpenApi_IOS_Bundle.bundle */,
			);
			path = QQSDK;
			sourceTree = "<group>";
		};
		6255247A1CF302360069FF89 /* SinaWeiboSDK */ = {
			isa = PBXGroup;
			children = (
				6255247B1CF302360069FF89 /* libWeiboSDK.a */,
				6255247C1CF302360069FF89 /* WBHttpRequest+WeiboGame.h */,
				6255247D1CF302360069FF89 /* WBHttpRequest+WeiboShare.h */,
				6255247E1CF302360069FF89 /* WBHttpRequest+WeiboToken.h */,
				6255247F1CF302360069FF89 /* WBHttpRequest+WeiboUser.h */,
				625524801CF302360069FF89 /* WBHttpRequest.h */,
				625524811CF302360069FF89 /* WBSDKBasicButton.h */,
				625524821CF302360069FF89 /* WBSDKCommentButton.h */,
				625524831CF302360069FF89 /* WBSDKRelationshipButton.h */,
				625524841CF302360069FF89 /* WeiboSDK+Statistics.h */,
				625524851CF302360069FF89 /* WeiboSDK.bundle */,
				625524861CF302360069FF89 /* WeiboSDK.h */,
				625524871CF302360069FF89 /* WeiboUser.h */,
			);
			path = SinaWeiboSDK;
			sourceTree = "<group>";
		};
		625524881CF302360069FF89 /* WeChatSDK */ = {
			isa = PBXGroup;
			children = (
				625524891CF302360069FF89 /* libWeChatSDK.a */,
				6255248A1CF302360069FF89 /* README.txt */,
				6255248B1CF302360069FF89 /* WechatAuthSDK.h */,
				6255248C1CF302360069FF89 /* WXApi.h */,
				6255248D1CF302360069FF89 /* WXApiObject.h */,
			);
			path = WeChatSDK;
			sourceTree = "<group>";
		};
		6255248E1CF302360069FF89 /* Required */ = {
			isa = PBXGroup;
			children = (
				6255248F1CF302360069FF89 /* MOBFoundation.framework */,
				625524901CF302360069FF89 /* ShareSDK.bundle */,
				625524911CF302360069FF89 /* ShareSDKConnector.framework */,
			);
			path = Required;
			sourceTree = "<group>";
		};
		62E819E01CF14CD5001547F4 /* QRCodeReaderViewController */ = {
			isa = PBXGroup;
			children = (
				62E819E11CF14CD5001547F4 /* QRCameraSwitchButton.h */,
				62E819E21CF14CD5001547F4 /* QRCameraSwitchButton.m */,
				62E819E31CF14CD5001547F4 /* QRCodeReader.h */,
				62E819E41CF14CD5001547F4 /* QRCodeReader.m */,
				62E819E51CF14CD5001547F4 /* QRCodeReaderDelegate.h */,
				62E819E61CF14CD5001547F4 /* QRCodeReaderView.h */,
				62E819E71CF14CD5001547F4 /* QRCodeReaderView.m */,
				62E819E81CF14CD5001547F4 /* QRCodeReaderViewController.h */,
				62E819E91CF14CD5001547F4 /* QRCodeReaderViewController.m */,
				62E819EA1CF14CD5001547F4 /* QRToggleTorchButton.h */,
				62E819EB1CF14CD5001547F4 /* QRToggleTorchButton.m */,
			);
			path = QRCodeReaderViewController;
			sourceTree = "<group>";
		};
		6975C2FD1BCC9C1300C0D101 = {
			isa = PBXGroup;
			children = (
				6238C5DA1D0D3F0E00269025 /* RxWebViewController */,
				6201BAB01D054E3A00EEB665 /* libcrypto.a */,
				6201BAB11D054E3A00EEB665 /* libssl.a */,
				6231B1D31D0530BD00C4AEFF /* Alipay */,
				62B7E6BA1D05164300D3F744 /* AlipaySDK.bundle */,
				62B7E6BB1D05164300D3F744 /* AlipaySDK.framework */,
				6975C3201BCC9D6A00C0D101 /* JavaScriptCore.framework */,
				625524A91CF302F60069FF89 /* AdSupport.framework */,
				625524A71CF302F00069FF89 /* libsqlite3.tbd */,
				625524A51CF302E60069FF89 /* ImageIO.framework */,
				625524A31CF302D90069FF89 /* libstdc++.tbd */,
				625524A11CF302CD0069FF89 /* libz.tbd */,
				6255249F1CF302C20069FF89 /* libicucore.tbd */,
				6255246F1CF302360069FF89 /* ShareSDK */,
				62E819E01CF14CD5001547F4 /* QRCodeReaderViewController */,
				6975C3081BCC9C1300C0D101 /* JavaScriptAndObjectiveC */,
				6975C3071BCC9C1300C0D101 /* Products */,
				78C4AEE6D78BDA32AD2E8D86 /* Pods */,
				217C38A498FEB1B54F5A1D87 /* Frameworks */,
			);
			sourceTree = "<group>";
		};
		6975C3071BCC9C1300C0D101 /* Products */ = {
			isa = PBXGroup;
			children = (
				6975C3061BCC9C1300C0D101 /* JavaScriptAndObjectiveC.app */,
			);
			name = Products;
			sourceTree = "<group>";
		};
		6975C3081BCC9C1300C0D101 /* JavaScriptAndObjectiveC */ = {
			isa = PBXGroup;
			children = (
				626804D91C7710A700DAD9DE /* IOSTest.html */,
				6975C30C1BCC9C1300C0D101 /* AppDelegate.h */,
				6975C30D1BCC9C1300C0D101 /* AppDelegate.m */,
				6975C30F1BCC9C1300C0D101 /* ViewController.h */,
				6975C3101BCC9C1300C0D101 /* ViewController.m */,
				626804D41C76C79C00DAD9DE /* JSNativeMethod.h */,
				626804D51C76C79C00DAD9DE /* JSNativeMethod.m */,
				624D32371D0725F500BD2F42 /* spec.png */,
				6201BAB41D0555B900EEB665 /* Product.h */,
				6201BAB51D0555B900EEB665 /* Product.m */,
				62E819DD1CEF1143001547F4 /* GpsManager.h */,
				62E819DE1CEF1143001547F4 /* GpsManager.m */,
				62B7E6D21D0518F400D3F744 /* Order.h */,
				62B7E6D31D0518F400D3F744 /* Order.m */,
				6975C3121BCC9C1300C0D101 /* Main.storyboard */,
				6975C3151BCC9C1300C0D101 /* Assets.xcassets */,
				6975C3171BCC9C1300C0D101 /* LaunchScreen.storyboard */,
				6975C31A1BCC9C1300C0D101 /* Info.plist */,
				6975C3091BCC9C1300C0D101 /* Supporting Files */,
			);
			path = JavaScriptAndObjectiveC;
			sourceTree = "<group>";
		};
		6975C3091BCC9C1300C0D101 /* Supporting Files */ = {
			isa = PBXGroup;
			children = (
				6975C30A1BCC9C1300C0D101 /* main.m */,
			);
			name = "Supporting Files";
			sourceTree = "<group>";
		};
		78C4AEE6D78BDA32AD2E8D86 /* Pods */ = {
			isa = PBXGroup;
			children = (
				C3933C4CEFD348C89B4F84A1 /* Pods.debug.xcconfig */,
				DF593947982FC9B8B75FF7BA /* Pods.release.xcconfig */,
			);
			name = Pods;
			sourceTree = "<group>";
		};
/* End PBXGroup section */

/* Begin PBXNativeTarget section */
		6975C3051BCC9C1300C0D101 /* JavaScriptAndObjectiveC */ = {
			isa = PBXNativeTarget;
			buildConfigurationList = 6975C31D1BCC9C1300C0D101 /* Build configuration list for PBXNativeTarget "JavaScriptAndObjectiveC" */;
			buildPhases = (
				DE8BD01270CAD0EBFBC1B947 /* Check Pods Manifest.lock */,
				6975C3021BCC9C1300C0D101 /* Sources */,
				6975C3031BCC9C1300C0D101 /* Frameworks */,
				6975C3041BCC9C1300C0D101 /* Resources */,
				C642D89E2C8A8BC23500CDC0 /* Embed Pods Frameworks */,
				D29B230BF2A161B97F260012 /* Copy Pods Resources */,
			);
			buildRules = (
			);
			dependencies = (
			);
			name = JavaScriptAndObjectiveC;
			productName = JavaScriptAndObjectiveC;
			productReference = 6975C3061BCC9C1300C0D101 /* JavaScriptAndObjectiveC.app */;
			productType = "com.apple.product-type.application";
		};
/* End PBXNativeTarget section */

/* Begin PBXProject section */
		6975C2FE1BCC9C1300C0D101 /* Project object */ = {
			isa = PBXProject;
			attributes = {
				LastUpgradeCheck = 0700;
				ORGANIZATIONNAME = huangyibiao;
				TargetAttributes = {
					6975C3051BCC9C1300C0D101 = {
						CreatedOnToolsVersion = 7.0.1;
						DevelopmentTeam = 9485GLM584;
					};
				};
			};
			buildConfigurationList = 6975C3011BCC9C1300C0D101 /* Build configuration list for PBXProject "JavaScriptAndObjectiveC" */;
			compatibilityVersion = "Xcode 3.2";
			developmentRegion = English;
			hasScannedForEncodings = 0;
			knownRegions = (
				en,
				Base,
			);
			mainGroup = 6975C2FD1BCC9C1300C0D101;
			productRefGroup = 6975C3071BCC9C1300C0D101 /* Products */;
			projectDirPath = "";
			projectRoot = "";
			targets = (
				6975C3051BCC9C1300C0D101 /* JavaScriptAndObjectiveC */,
			);
		};
/* End PBXProject section */

/* Begin PBXResourcesBuildPhase section */
		6975C3041BCC9C1300C0D101 /* Resources */ = {
			isa = PBXResourcesBuildPhase;
			buildActionMask = 2147483647;
			files = (
				6238C5E71D0D3F0E00269025 /* backItemImage_hl@2x.png in Resources */,
				62B7E6BC1D05164300D3F744 /* AlipaySDK.bundle in Resources */,
				625524971CF302360069FF89 /* TencentOpenApi_IOS_Bundle.bundle in Resources */,
				626804DA1C7710A700DAD9DE /* IOSTest.html in Resources */,
				6975C3191BCC9C1300C0D101 /* LaunchScreen.storyboard in Resources */,
				625524941CF302360069FF89 /* ShareSDKUI.bundle in Resources */,
				624D32381D0725F500BD2F42 /* spec.png in Resources */,
				625524991CF302360069FF89 /* WeiboSDK.bundle in Resources */,
				6975C3161BCC9C1300C0D101 /* Assets.xcassets in Resources */,
				6238C5E61D0D3F0E00269025 /* backItemImage@2x.png in Resources */,
				6255249B1CF302360069FF89 /* README.txt in Resources */,
				6255249D1CF302360069FF89 /* ShareSDK.bundle in Resources */,
				6975C3141BCC9C1300C0D101 /* Main.storyboard in Resources */,
			);
			runOnlyForDeploymentPostprocessing = 0;
		};
/* End PBXResourcesBuildPhase section */

/* Begin PBXShellScriptBuildPhase section */
		C642D89E2C8A8BC23500CDC0 /* Embed Pods Frameworks */ = {
			isa = PBXShellScriptBuildPhase;
			buildActionMask = 2147483647;
			files = (
			);
			inputPaths = (
			);
			name = "Embed Pods Frameworks";
			outputPaths = (
			);
			runOnlyForDeploymentPostprocessing = 0;
			shellPath = /bin/sh;
			shellScript = "\"${SRCROOT}/Pods/Target Support Files/Pods/Pods-frameworks.sh\"\n";
			showEnvVarsInLog = 0;
		};
		D29B230BF2A161B97F260012 /* Copy Pods Resources */ = {
			isa = PBXShellScriptBuildPhase;
			buildActionMask = 2147483647;
			files = (
			);
			inputPaths = (
			);
			name = "Copy Pods Resources";
			outputPaths = (
			);
			runOnlyForDeploymentPostprocessing = 0;
			shellPath = /bin/sh;
			shellScript = "\"${SRCROOT}/Pods/Target Support Files/Pods/Pods-resources.sh\"\n";
			showEnvVarsInLog = 0;
		};
		DE8BD01270CAD0EBFBC1B947 /* Check Pods Manifest.lock */ = {
			isa = PBXShellScriptBuildPhase;
			buildActionMask = 2147483647;
			files = (
			);
			inputPaths = (
			);
			name = "Check Pods Manifest.lock";
			outputPaths = (
			);
			runOnlyForDeploymentPostprocessing = 0;
			shellPath = /bin/sh;
			shellScript = "diff \"${PODS_ROOT}/../Podfile.lock\" \"${PODS_ROOT}/Manifest.lock\" > /dev/null\nif [[ $? != 0 ]] ; then\n    cat << EOM\nerror: The sandbox is not in sync with the Podfile.lock. Run 'pod install' or update your CocoaPods installation.\nEOM\n    exit 1\nfi\n";
			showEnvVarsInLog = 0;
		};
/* End PBXShellScriptBuildPhase section */

/* Begin PBXSourcesBuildPhase section */
		6975C3021BCC9C1300C0D101 /* Sources */ = {
			isa = PBXSourcesBuildPhase;
			buildActionMask = 2147483647;
			files = (
				6231B2321D0530BD00C4AEFF /* base64.m in Sources */,
				6201BAB61D0555B900EEB665 /* Product.m in Sources */,
				6975C3111BCC9C1300C0D101 /* ViewController.m in Sources */,
				6238C5E91D0D3F0E00269025 /* NJKWebViewProgressView.m in Sources */,
				6231B2391D0530BD00C4AEFF /* RSADataVerifier.m in Sources */,
				62E819EE1CF14CD5001547F4 /* QRCodeReaderView.m in Sources */,
				62E819EC1CF14CD5001547F4 /* QRCameraSwitchButton.m in Sources */,
				62E819ED1CF14CD5001547F4 /* QRCodeReader.m in Sources */,
				6231B2371D0530BD00C4AEFF /* openssl_wrapper.m in Sources */,
				6231B2381D0530BD00C4AEFF /* RSADataSigner.m in Sources */,
				62E819DF1CEF1143001547F4 /* GpsManager.m in Sources */,
				626804D61C76C79C00DAD9DE /* JSNativeMethod.m in Sources */,
				6975C30E1BCC9C1300C0D101 /* AppDelegate.m in Sources */,
				62E819F01CF14CD5001547F4 /* QRToggleTorchButton.m in Sources */,
				6238C5E81D0D3F0E00269025 /* NJKWebViewProgress.m in Sources */,
				6238C5EA1D0D3F0E00269025 /* RxWebViewController.m in Sources */,
				6238C5EB1D0D3F0E00269025 /* RxWebViewNavigationViewController.m in Sources */,
				6231B2331D0530BD00C4AEFF /* DataSigner.m in Sources */,
				6231B2351D0530BD00C4AEFF /* MD5DataSigner.m in Sources */,
				62E819EF1CF14CD5001547F4 /* QRCodeReaderViewController.m in Sources */,
				62B7E6D41D0518F400D3F744 /* Order.m in Sources */,
				6231B2361D0530BD00C4AEFF /* NSDataEx.m in Sources */,
				6975C30B1BCC9C1300C0D101 /* main.m in Sources */,
				6231B2341D0530BD00C4AEFF /* DataVerifier.m in Sources */,
			);
			runOnlyForDeploymentPostprocessing = 0;
		};
/* End PBXSourcesBuildPhase section */

/* Begin PBXVariantGroup section */
		6975C3121BCC9C1300C0D101 /* Main.storyboard */ = {
			isa = PBXVariantGroup;
			children = (
				6975C3131BCC9C1300C0D101 /* Base */,
			);
			name = Main.storyboard;
			sourceTree = "<group>";
		};
		6975C3171BCC9C1300C0D101 /* LaunchScreen.storyboard */ = {
			isa = PBXVariantGroup;
			children = (
				6975C3181BCC9C1300C0D101 /* Base */,
			);
			name = LaunchScreen.storyboard;
			sourceTree = "<group>";
		};
/* End PBXVariantGroup section */

/* Begin XCBuildConfiguration section */
		6975C31B1BCC9C1300C0D101 /* Debug */ = {
			isa = XCBuildConfiguration;
			buildSettings = {
				ALWAYS_SEARCH_USER_PATHS = NO;
				CLANG_CXX_LANGUAGE_STANDARD = "gnu++0x";
				CLANG_CXX_LIBRARY = "libc++";
				CLANG_ENABLE_MODULES = YES;
				CLANG_ENABLE_OBJC_ARC = YES;
				CLANG_WARN_BOOL_CONVERSION = YES;
				CLANG_WARN_CONSTANT_CONVERSION = YES;
				CLANG_WARN_DIRECT_OBJC_ISA_USAGE = YES_ERROR;
				CLANG_WARN_EMPTY_BODY = YES;
				CLANG_WARN_ENUM_CONVERSION = YES;
				CLANG_WARN_INT_CONVERSION = YES;
				CLANG_WARN_OBJC_ROOT_CLASS = YES_ERROR;
				CLANG_WARN_UNREACHABLE_CODE = YES;
				CLANG_WARN__DUPLICATE_METHOD_MATCH = YES;
				"CODE_SIGN_IDENTITY[sdk=iphoneos*]" = "iPhone Developer";
				COPY_PHASE_STRIP = NO;
				DEBUG_INFORMATION_FORMAT = dwarf;
				ENABLE_STRICT_OBJC_MSGSEND = YES;
				ENABLE_TESTABILITY = YES;
				GCC_C_LANGUAGE_STANDARD = gnu99;
				GCC_DYNAMIC_NO_PIC = NO;
				GCC_NO_COMMON_BLOCKS = YES;
				GCC_OPTIMIZATION_LEVEL = 0;
				GCC_PREPROCESSOR_DEFINITIONS = (
					"DEBUG=1",
					"$(inherited)",
				);
				GCC_WARN_64_TO_32_BIT_CONVERSION = YES;
				GCC_WARN_ABOUT_RETURN_TYPE = YES_ERROR;
				GCC_WARN_UNDECLARED_SELECTOR = YES;
				GCC_WARN_UNINITIALIZED_AUTOS = YES_AGGRESSIVE;
				GCC_WARN_UNUSED_FUNCTION = YES;
				GCC_WARN_UNUSED_VARIABLE = YES;
				IPHONEOS_DEPLOYMENT_TARGET = 9.0;
				MTL_ENABLE_DEBUG_INFO = YES;
				ONLY_ACTIVE_ARCH = YES;
				SDKROOT = iphoneos;
			};
			name = Debug;
		};
		6975C31C1BCC9C1300C0D101 /* Release */ = {
			isa = XCBuildConfiguration;
			buildSettings = {
				ALWAYS_SEARCH_USER_PATHS = NO;
				CLANG_CXX_LANGUAGE_STANDARD = "gnu++0x";
				CLANG_CXX_LIBRARY = "libc++";
				CLANG_ENABLE_MODULES = YES;
				CLANG_ENABLE_OBJC_ARC = YES;
				CLANG_WARN_BOOL_CONVERSION = YES;
				CLANG_WARN_CONSTANT_CONVERSION = YES;
				CLANG_WARN_DIRECT_OBJC_ISA_USAGE = YES_ERROR;
				CLANG_WARN_EMPTY_BODY = YES;
				CLANG_WARN_ENUM_CONVERSION = YES;
				CLANG_WARN_INT_CONVERSION = YES;
				CLANG_WARN_OBJC_ROOT_CLASS = YES_ERROR;
				CLANG_WARN_UNREACHABLE_CODE = YES;
				CLANG_WARN__DUPLICATE_METHOD_MATCH = YES;
				"CODE_SIGN_IDENTITY[sdk=iphoneos*]" = "iPhone Developer";
				COPY_PHASE_STRIP = NO;
				DEBUG_INFORMATION_FORMAT = "dwarf-with-dsym";
				ENABLE_NS_ASSERTIONS = NO;
				ENABLE_STRICT_OBJC_MSGSEND = YES;
				GCC_C_LANGUAGE_STANDARD = gnu99;
				GCC_NO_COMMON_BLOCKS = YES;
				GCC_WARN_64_TO_32_BIT_CONVERSION = YES;
				GCC_WARN_ABOUT_RETURN_TYPE = YES_ERROR;
				GCC_WARN_UNDECLARED_SELECTOR = YES;
				GCC_WARN_UNINITIALIZED_AUTOS = YES_AGGRESSIVE;
				GCC_WARN_UNUSED_FUNCTION = YES;
				GCC_WARN_UNUSED_VARIABLE = YES;
				IPHONEOS_DEPLOYMENT_TARGET = 9.0;
				MTL_ENABLE_DEBUG_INFO = NO;
				SDKROOT = iphoneos;
				VALIDATE_PRODUCT = YES;
			};
			name = Release;
		};
		6975C31E1BCC9C1300C0D101 /* Debug */ = {
			isa = XCBuildConfiguration;
			baseConfigurationReference = C3933C4CEFD348C89B4F84A1 /* Pods.debug.xcconfig */;
			buildSettings = {
				ASSETCATALOG_COMPILER_APPICON_NAME = AppIcon;
				CODE_SIGN_IDENTITY = "iPhone Developer";
				"CODE_SIGN_IDENTITY[sdk=iphoneos*]" = "iPhone Developer";
				ENABLE_BITCODE = YES;
				FRAMEWORK_SEARCH_PATHS = (
					"$(inherited)",
					"$(PROJECT_DIR)/ShareSDK",
					"$(PROJECT_DIR)/ShareSDK/Support/Optional",
					"$(PROJECT_DIR)/ShareSDK/Support/PlatformSDK/QQSDK",
					"$(PROJECT_DIR)/ShareSDK/Support/Required",
					"$(PROJECT_DIR)",
				);
				HEADER_SEARCH_PATHS = (
					"$(inherited)",
					"\"${PODS_ROOT}/Headers/Public\"",
					"\"${PODS_ROOT}/Headers/Public/AFNetworking\"",
					"\"${PODS_ROOT}/Headers/Public/SDWebImage\"",
					"\"$(SRCROOT)/Alipay/openssl\"",
					"\"$(SRCROOT)/Alipay\"",
				);
				INFOPLIST_FILE = JavaScriptAndObjectiveC/Info.plist;
				IPHONEOS_DEPLOYMENT_TARGET = 8.0;
				LD_RUNPATH_SEARCH_PATHS = "$(inherited) @executable_path/Frameworks";
				LIBRARY_SEARCH_PATHS = (
					"$(inherited)",
					"$(PROJECT_DIR)/ShareSDK/Support/PlatformSDK/SinaWeiboSDK",
					"$(PROJECT_DIR)/ShareSDK/Support/PlatformSDK/WeChatSDK",
					"$(PROJECT_DIR)",
				);
				ONLY_ACTIVE_ARCH = YES;
				OTHER_LDFLAGS = (
					"-all_load",
					"-l\"AFNetworking\"",
					"$(inherited)",
				);
				PRODUCT_BUNDLE_IDENTIFIER = com.testjs.js;
				PRODUCT_NAME = "$(TARGET_NAME)";
				PROVISIONING_PROFILE = "";
				VALID_ARCHS = "armv7 arm64 armv7s";
			};
			name = Debug;
		};
		6975C31F1BCC9C1300C0D101 /* Release */ = {
			isa = XCBuildConfiguration;
			baseConfigurationReference = DF593947982FC9B8B75FF7BA /* Pods.release.xcconfig */;
			buildSettings = {
				ASSETCATALOG_COMPILER_APPICON_NAME = AppIcon;
				CODE_SIGN_IDENTITY = "iPhone Distribution: Shanghai High Grind Matrix Information Technology Co.,LTD (9485GLM584)";
				"CODE_SIGN_IDENTITY[sdk=iphoneos*]" = "iPhone Distribution: Shanghai High Grind Matrix Information Technology Co.,LTD (9485GLM584)";
				ENABLE_BITCODE = YES;
				FRAMEWORK_SEARCH_PATHS = (
					"$(inherited)",
					"$(PROJECT_DIR)/ShareSDK",
					"$(PROJECT_DIR)/ShareSDK/Support/Optional",
					"$(PROJECT_DIR)/ShareSDK/Support/PlatformSDK/QQSDK",
					"$(PROJECT_DIR)/ShareSDK/Support/Required",
					"$(PROJECT_DIR)",
				);
				HEADER_SEARCH_PATHS = (
					"$(inherited)",
					"\"${PODS_ROOT}/Headers/Public\"",
					"\"${PODS_ROOT}/Headers/Public/AFNetworking\"",
					"\"${PODS_ROOT}/Headers/Public/SDWebImage\"",
					"\"$(SRCROOT)/Alipay/openssl\"",
					"\"$(SRCROOT)/Alipay\"",
				);
				INFOPLIST_FILE = JavaScriptAndObjectiveC/Info.plist;
				IPHONEOS_DEPLOYMENT_TARGET = 8.0;
				LD_RUNPATH_SEARCH_PATHS = "$(inherited) @executable_path/Frameworks";
				LIBRARY_SEARCH_PATHS = (
					"$(inherited)",
					"$(PROJECT_DIR)/ShareSDK/Support/PlatformSDK/SinaWeiboSDK",
					"$(PROJECT_DIR)/ShareSDK/Support/PlatformSDK/WeChatSDK",
					"$(PROJECT_DIR)",
				);
				OTHER_LDFLAGS = (
					"-all_load",
					"-l\"AFNetworking\"",
					"$(inherited)",
				);
				PRODUCT_BUNDLE_IDENTIFIER = com.testjs.js;
				PRODUCT_NAME = "$(TARGET_NAME)";
				PROVISIONING_PROFILE = "7f02303a-c5c4-4d85-b42d-5ec00e9043c1";
				VALID_ARCHS = "armv7 arm64 armv7s";
			};
			name = Release;
		};
/* End XCBuildConfiguration section */

/* Begin XCConfigurationList section */
		6975C3011BCC9C1300C0D101 /* Build configuration list for PBXProject "JavaScriptAndObjectiveC" */ = {
			isa = XCConfigurationList;
			buildConfigurations = (
				6975C31B1BCC9C1300C0D101 /* Debug */,
				6975C31C1BCC9C1300C0D101 /* Release */,
			);
			defaultConfigurationIsVisible = 0;
			defaultConfigurationName = Release;
		};
		6975C31D1BCC9C1300C0D101 /* Build configuration list for PBXNativeTarget "JavaScriptAndObjectiveC" */ = {
			isa = XCConfigurationList;
			buildConfigurations = (
				6975C31E1BCC9C1300C0D101 /* Debug */,
				6975C31F1BCC9C1300C0D101 /* Release */,
			);
			defaultConfigurationIsVisible = 0;
			defaultConfigurationName = Release;
		};
/* End XCConfigurationList section */
	};
	rootObject = 6975C2FE1BCC9C1300C0D101 /* Project object */;
}
